{
  "originHash" : "e1fde5b8d907e98e96f0b9b6a11f161b0f54af184f2bfd135959f52731b09e96",
  "pins" : [
    {
      "identity" : "kingfisher",
      "kind" : "remoteSourceControl",
      "location" : "https://github.com/onevcat/Kingfisher.git",
      "state" : {
        "revision" : "dd3c422ec3088404d6f7e8c905a8318b3de12d6f",
        "version" : "8.6.0"
      }
    },
    {
      "identity" : "lottie-ios",
      "kind" : "remoteSourceControl",
      "location" : "https://github.com/airbnb/lottie-ios",
      "state" : {
        "revision" : "769b88d83a42ca8d5572b020c96f47e3690b3796",
        "version" : "4.4.3"
      }
    }
  ],
  "version" : 3
}
